
Microsoft Visual Studio Solution File, Format Version 12.00
# Visual Studio Version 16
VisualStudioVersion = 16.0.32228.343
MinimumVisualStudioVersion = 10.0.40219.1
Project("{FAE04EC0-301F-11D3-BF4B-00C04F79EFBC}") = "Qatar.Android", "Qatar\Qatar.Android\Qatar.Android.csproj", "{71F2A290-015B-4249-9302-17FA2C8AE452}"
EndProject
Project("{FAE04EC0-301F-11D3-BF4B-00C04F79EFBC}") = "Qatar.iOS", "Qatar\Qatar.iOS\Qatar.iOS.csproj", "{5A1004E6-1F3A-4D45-85CF-FB54671F390C}"
EndProject
Project("{FAE04EC0-301F-11D3-BF4B-00C04F79EFBC}") = "Qatar", "Qatar\Qatar\Qatar.csproj", "{FE59092B-9F87-4DD4-861B-D8203360A9AC}"
EndProject
Global
	GlobalSection(SolutionConfigurationPlatforms) = preSolution
		Debug|Any CPU = Debug|Any CPU
		Debug|iPhone = Debug|iPhone
		Debug|iPhoneSimulator = Debug|iPhoneSimulator
		Release|Any CPU = Release|Any CPU
		Release|iPhone = Release|iPhone
		Release|iPhoneSimulator = Release|iPhoneSimulator
	EndGlobalSection
	GlobalSection(ProjectConfigurationPlatforms) = postSolution
		{71F2A290-015B-4249-9302-17FA2C8AE452}.Debug|Any CPU.ActiveCfg = Debug|Any CPU
		{71F2A290-015B-4249-9302-17FA2C8AE452}.Debug|Any CPU.Build.0 = Debug|Any CPU
		{71F2A290-015B-4249-9302-17FA2C8AE452}.Debug|Any CPU.Deploy.0 = Debug|Any CPU
		{71F2A290-015B-4249-9302-17FA2C8AE452}.Debug|iPhone.ActiveCfg = Debug|Any CPU
		{71F2A290-015B-4249-9302-17FA2C8AE452}.Debug|iPhone.Build.0 = Debug|Any CPU
		{71F2A290-015B-4249-9302-17FA2C8AE452}.Debug|iPhone.Deploy.0 = Debug|Any CPU
		{71F2A290-015B-4249-9302-17FA2C8AE452}.Debug|iPhoneSimulator.ActiveCfg = Debug|Any CPU
		{71F2A290-015B-4249-9302-17FA2C8AE452}.Debug|iPhoneSimulator.Build.0 = Debug|Any CPU
		{71F2A290-015B-4249-9302-17FA2C8AE452}.Debug|iPhoneSimulator.Deploy.0 = Debug|Any CPU
		{71F2A290-015B-4249-9302-17FA2C8AE452}.Release|Any CPU.ActiveCfg = Release|Any CPU
		{71F2A290-015B-4249-9302-17FA2C8AE452}.Release|Any CPU.Build.0 = Release|Any CPU
		{71F2A290-015B-4249-9302-17FA2C8AE452}.Release|Any CPU.Deploy.0 = Release|Any CPU
		{71F2A290-015B-4249-9302-17FA2C8AE452}.Release|iPhone.ActiveCfg = Release|Any CPU
		{71F2A290-015B-4249-9302-17FA2C8AE452}.Release|iPhone.Build.0 = Release|Any CPU
		{71F2A290-015B-4249-9302-17FA2C8AE452}.Release|iPhone.Deploy.0 = Release|Any CPU
		{71F2A290-015B-4249-9302-17FA2C8AE452}.Release|iPhoneSimulator.ActiveCfg = Release|Any CPU
		{71F2A290-015B-4249-9302-17FA2C8AE452}.Release|iPhoneSimulator.Build.0 = Release|Any CPU
		{71F2A290-015B-4249-9302-17FA2C8AE452}.Release|iPhoneSimulator.Deploy.0 = Release|Any CPU
		{5A1004E6-1F3A-4D45-85CF-FB54671F390C}.Debug|Any CPU.ActiveCfg = Debug|iPhone
		{5A1004E6-1F3A-4D45-85CF-FB54671F390C}.Debug|Any CPU.Build.0 = Debug|iPhone
		{5A1004E6-1F3A-4D45-85CF-FB54671F390C}.Debug|Any CPU.Deploy.0 = Debug|iPhone
		{5A1004E6-1F3A-4D45-85CF-FB54671F390C}.Debug|iPhone.ActiveCfg = Debug|iPhone
		{5A1004E6-1F3A-4D45-85CF-FB54671F390C}.Debug|iPhone.Build.0 = Debug|iPhone
		{5A1004E6-1F3A-4D45-85CF-FB54671F390C}.Debug|iPhone.Deploy.0 = Debug|iPhone
		{5A1004E6-1F3A-4D45-85CF-FB54671F390C}.Debug|iPhoneSimulator.ActiveCfg = Debug|iPhoneSimulator
		{5A1004E6-1F3A-4D45-85CF-FB54671F390C}.Debug|iPhoneSimulator.Build.0 = Debug|iPhoneSimulator
		{5A1004E6-1F3A-4D45-85CF-FB54671F390C}.Debug|iPhoneSimulator.Deploy.0 = Debug|iPhoneSimulator
		{5A1004E6-1F3A-4D45-85CF-FB54671F390C}.Release|Any CPU.ActiveCfg = Release|iPhoneSimulator
		{5A1004E6-1F3A-4D45-85CF-FB54671F390C}.Release|Any CPU.Build.0 = Release|iPhoneSimulator
		{5A1004E6-1F3A-4D45-85CF-FB54671F390C}.Release|Any CPU.Deploy.0 = Release|iPhoneSimulator
		{5A1004E6-1F3A-4D45-85CF-FB54671F390C}.Release|iPhone.ActiveCfg = Release|iPhone
		{5A1004E6-1F3A-4D45-85CF-FB54671F390C}.Release|iPhone.Build.0 = Release|iPhone
		{5A1004E6-1F3A-4D45-85CF-FB54671F390C}.Release|iPhone.Deploy.0 = Release|iPhone
		{5A1004E6-1F3A-4D45-85CF-FB54671F390C}.Release|iPhoneSimulator.ActiveCfg = Release|iPhoneSimulator
		{5A1004E6-1F3A-4D45-85CF-FB54671F390C}.Release|iPhoneSimulator.Build.0 = Release|iPhoneSimulator
		{5A1004E6-1F3A-4D45-85CF-FB54671F390C}.Release|iPhoneSimulator.Deploy.0 = Release|iPhoneSimulator
		{FE59092B-9F87-4DD4-861B-D8203360A9AC}.Debug|Any CPU.ActiveCfg = Debug|Any CPU
		{FE59092B-9F87-4DD4-861B-D8203360A9AC}.Debug|Any CPU.Build.0 = Debug|Any CPU
		{FE59092B-9F87-4DD4-861B-D8203360A9AC}.Debug|Any CPU.Deploy.0 = Debug|Any CPU
		{FE59092B-9F87-4DD4-861B-D8203360A9AC}.Debug|iPhone.ActiveCfg = Debug|Any CPU
		{FE59092B-9F87-4DD4-861B-D8203360A9AC}.Debug|iPhone.Build.0 = Debug|Any CPU
		{FE59092B-9F87-4DD4-861B-D8203360A9AC}.Debug|iPhone.Deploy.0 = Debug|Any CPU
		{FE59092B-9F87-4DD4-861B-D8203360A9AC}.Debug|iPhoneSimulator.ActiveCfg = Debug|Any CPU
		{FE59092B-9F87-4DD4-861B-D8203360A9AC}.Debug|iPhoneSimulator.Build.0 = Debug|Any CPU
		{FE59092B-9F87-4DD4-861B-D8203360A9AC}.Debug|iPhoneSimulator.Deploy.0 = Debug|Any CPU
		{FE59092B-9F87-4DD4-861B-D8203360A9AC}.Release|Any CPU.ActiveCfg = Release|Any CPU
		{FE59092B-9F87-4DD4-861B-D8203360A9AC}.Release|Any CPU.Build.0 = Release|Any CPU
		{FE59092B-9F87-4DD4-861B-D8203360A9AC}.Release|Any CPU.Deploy.0 = Release|Any CPU
		{FE59092B-9F87-4DD4-861B-D8203360A9AC}.Release|iPhone.ActiveCfg = Release|Any CPU
		{FE59092B-9F87-4DD4-861B-D8203360A9AC}.Release|iPhone.Build.0 = Release|Any CPU
		{FE59092B-9F87-4DD4-861B-D8203360A9AC}.Release|iPhone.Deploy.0 = Release|Any CPU
		{FE59092B-9F87-4DD4-861B-D8203360A9AC}.Release|iPhoneSimulator.ActiveCfg = Release|Any CPU
		{FE59092B-9F87-4DD4-861B-D8203360A9AC}.Release|iPhoneSimulator.Build.0 = Release|Any CPU
		{FE59092B-9F87-4DD4-861B-D8203360A9AC}.Release|iPhoneSimulator.Deploy.0 = Release|Any CPU
	EndGlobalSection
	GlobalSection(SolutionProperties) = preSolution
		HideSolutionNode = FALSE
	EndGlobalSection
	GlobalSection(ExtensibilityGlobals) = postSolution
		SolutionGuid = {10D5FD2A-BC6D-4D24-888D-4A05584297D2}
	EndGlobalSection
EndGlobal
